
Microsoft Visual Studio Solution File, Format Version 12.00
# Visual Studio Version 16
VisualStudioVersion = 16.0.30907.101
MinimumVisualStudioVersion = 10.0.40219.1
Project("{FAE04EC0-301F-11D3-BF4B-00C04F79EFBC}") = "Snake", "Snake.csproj", "{CA50015F-5FCE-4274-BD5C-51698F018426}"
EndProject
Global
	GlobalSection(SolutionConfigurationPlatforms) = preSolution
		Debug|Any CPU = Debug|Any CPU
		Release|Any CPU = Release|Any CPU
	EndGlobalSection
	GlobalSection(ProjectConfigurationPlatforms) = postSolution
		{CA50015F-5FCE-4274-BD5C-51698F018426}.Debug|Any CPU.ActiveCfg = Debug|Any CPU
		{CA50015F-5FCE-4274-BD5C-51698F018426}.Debug|Any CPU.Build.0 = Debug|Any CPU
		{CA50015F-5FCE-4274-BD5C-51698F018426}.Release|Any CPU.ActiveCfg = Release|Any CPU
		{CA50015F-5FCE-4274-BD5C-51698F018426}.Release|Any CPU.Build.0 = Release|Any CPU
	EndGlobalSection
	GlobalSection(SolutionProperties) = preSolution
		HideSolutionNode = FALSE
	EndGlobalSection
	GlobalSection(ExtensibilityGlobals) = postSolution
		SolutionGuid = {40767899-C540-47BE-9BD6-B080A3728391}
	EndGlobalSection
EndGlobal
